
Microsoft Visual Studio Solution File, Format Version 12.00
# Visual Studio Version 16
VisualStudioVersion = 16.0.30611.23
MinimumVisualStudioVersion = 10.0.40219.1
Project("{FAE04EC0-301F-11D3-BF4B-00C04F79EFBC}") = "TextAugmentation", "TextAugmentation\TextAugmentation.csproj", "{81911C59-B5B3-4269-B449-FFFC61621EDA}"
EndProject
Global
	GlobalSection(SolutionConfigurationPlatforms) = preSolution
		Debug|Any CPU = Debug|Any CPU
		Release|Any CPU = Release|Any CPU
	EndGlobalSection
	GlobalSection(ProjectConfigurationPlatforms) = postSolution
		{81911C59-B5B3-4269-B449-FFFC61621EDA}.Debug|Any CPU.ActiveCfg = Debug|Any CPU
		{81911C59-B5B3-4269-B449-FFFC61621EDA}.Debug|Any CPU.Build.0 = Debug|Any CPU
		{81911C59-B5B3-4269-B449-FFFC61621EDA}.Release|Any CPU.ActiveCfg = Release|Any CPU
		{81911C59-B5B3-4269-B449-FFFC61621EDA}.Release|Any CPU.Build.0 = Release|Any CPU
	EndGlobalSection
	GlobalSection(SolutionProperties) = preSolution
		HideSolutionNode = FALSE
	EndGlobalSection
	GlobalSection(ExtensibilityGlobals) = postSolution
		SolutionGuid = {245071B8-AD83-4414-8453-D877D762F669}
	EndGlobalSection
EndGlobal
